
Microsoft Visual Studio Solution File, Format Version 12.00
# Visual Studio 15
VisualStudioVersion = 15.0.27004.2009
MinimumVisualStudioVersion = 10.0.40219.1
Project("{FAE04EC0-301F-11D3-BF4B-00C04F79EFBC}") = "HappyPandaXDroid", "HappyPandaXDroid\HappyPandaXDroid.csproj", "{6D656543-6204-47C9-B43C-B15413E34FE2}"
EndProject
Project("{FAE04EC0-301F-11D3-BF4B-00C04F79EFBC}") = "RecyclerViewPager", "external\RecyclerViewPager-Xamarin\RecyclerViewPager.csproj", "{E0E86419-629C-4D1C-B108-8BD9C313C42D}"
EndProject
Project("{FAE04EC0-301F-11D3-BF4B-00C04F79EFBC}") = "RefreshLayout", "external\RefreshLayout-Xamarin\RefreshLayout.csproj", "{432DC086-415C-41DB-88F3-A4995F0038E5}"
EndProject
Project("{FAE04EC0-301F-11D3-BF4B-00C04F79EFBC}") = "EasyRecyclerView", "external\EasyRecyclerView\EasyRecyclerView.csproj", "{5132E080-85EA-40FB-B339-6B7AD746513C}"
EndProject
Project("{FAE04EC0-301F-11D3-BF4B-00C04F79EFBC}") = "HPXTest", "HPXTest\HPXTest.csproj", "{158D3FA2-A5CD-4A25-9636-CC61B09A8C4A}"
EndProject
Project("{FAE04EC0-301F-11D3-BF4B-00C04F79EFBC}") = "Binding_SubsamplingScaleImageView", "HappyPandaXDroid\AndroidBindings\Binding_SubsamplingScaleImageView\Binding_SubsamplingScaleImageView.csproj", "{063CBDBF-87C0-4E58-9DC2-966E7D908043}"
EndProject
Project("{FAE04EC0-301F-11D3-BF4B-00C04F79EFBC}") = "HPXCore", "HPXCore\HPXCore.csproj", "{0C475E11-C4BD-4AD2-989A-4F25BF63BEF1}"
EndProject
Project("{FAE04EC0-301F-11D3-BF4B-00C04F79EFBC}") = "HPXUWP", "HPXUWP\HPXUWP.csproj", "{76E8B4A8-14BD-4DF9-B49C-96D6BC81D493}"
EndProject
Project("{FAE04EC0-301F-11D3-BF4B-00C04F79EFBC}") = "HPXCoreUWP", "HPXCoreUWP\HPXCoreUWP.csproj", "{55DBD593-5E3E-4057-9D17-3D8CFC643630}"
EndProject
Project("{FAE04EC0-301F-11D3-BF4B-00C04F79EFBC}") = "Stage", "Stage\Stage.csproj", "{00C8482D-4401-4724-BFD0-26F87AA3F9C3}"
EndProject
Project("{FAE04EC0-301F-11D3-BF4B-00C04F79EFBC}") = "StagePager", "StagePager\StagePager.csproj", "{4E4EE47D-C35A-4643-BB36-3AF82763BD0A}"
EndProject
Project("{FAE04EC0-301F-11D3-BF4B-00C04F79EFBC}") = "StageFragment", "StageFragment\StageFragment.csproj", "{22A63465-1F12-40A9-9080-E2D4896DE191}"
EndProject
Project("{FAE04EC0-301F-11D3-BF4B-00C04F79EFBC}") = "StageDialog", "StageDialog\StageDialog.csproj", "{69061CDE-81DA-4793-B0BF-C18699A8B9AC}"
EndProject
Global
	GlobalSection(SolutionConfigurationPlatforms) = preSolution
		Debug|Any CPU = Debug|Any CPU
		Debug|ARM = Debug|ARM
		Debug|x64 = Debug|x64
		Debug|x86 = Debug|x86
		Release|Any CPU = Release|Any CPU
		Release|ARM = Release|ARM
		Release|x64 = Release|x64
		Release|x86 = Release|x86
	EndGlobalSection
	GlobalSection(ProjectConfigurationPlatforms) = postSolution
		{6D656543-6204-47C9-B43C-B15413E34FE2}.Debug|Any CPU.ActiveCfg = Debug|Any CPU
		{6D656543-6204-47C9-B43C-B15413E34FE2}.Debug|Any CPU.Build.0 = Debug|Any CPU
		{6D656543-6204-47C9-B43C-B15413E34FE2}.Debug|Any CPU.Deploy.0 = Debug|Any CPU
		{6D656543-6204-47C9-B43C-B15413E34FE2}.Debug|ARM.ActiveCfg = Debug|Any CPU
		{6D656543-6204-47C9-B43C-B15413E34FE2}.Debug|ARM.Build.0 = Debug|Any CPU
		{6D656543-6204-47C9-B43C-B15413E34FE2}.Debug|ARM.Deploy.0 = Debug|Any CPU
		{6D656543-6204-47C9-B43C-B15413E34FE2}.Debug|x64.ActiveCfg = Debug|Any CPU
		{6D656543-6204-47C9-B43C-B15413E34FE2}.Debug|x64.Build.0 = Debug|Any CPU
		{6D656543-6204-47C9-B43C-B15413E34FE2}.Debug|x64.Deploy.0 = Debug|Any CPU
		{6D656543-6204-47C9-B43C-B15413E34FE2}.Debug|x86.ActiveCfg = Debug|Any CPU
		{6D656543-6204-47C9-B43C-B15413E34FE2}.Debug|x86.Build.0 = Debug|Any CPU
		{6D656543-6204-47C9-B43C-B15413E34FE2}.Debug|x86.Deploy.0 = Debug|Any CPU
		{6D656543-6204-47C9-B43C-B15413E34FE2}.Release|Any CPU.ActiveCfg = Release|Any CPU
		{6D656543-6204-47C9-B43C-B15413E34FE2}.Release|Any CPU.Build.0 = Release|Any CPU
		{6D656543-6204-47C9-B43C-B15413E34FE2}.Release|Any CPU.Deploy.0 = Release|Any CPU
		{6D656543-6204-47C9-B43C-B15413E34FE2}.Release|ARM.ActiveCfg = Release|Any CPU
		{6D656543-6204-47C9-B43C-B15413E34FE2}.Release|ARM.Build.0 = Release|Any CPU
		{6D656543-6204-47C9-B43C-B15413E34FE2}.Release|ARM.Deploy.0 = Release|Any CPU
		{6D656543-6204-47C9-B43C-B15413E34FE2}.Release|x64.ActiveCfg = Release|Any CPU
		{6D656543-6204-47C9-B43C-B15413E34FE2}.Release|x64.Build.0 = Release|Any CPU
		{6D656543-6204-47C9-B43C-B15413E34FE2}.Release|x64.Deploy.0 = Release|Any CPU
		{6D656543-6204-47C9-B43C-B15413E34FE2}.Release|x86.ActiveCfg = Release|Any CPU
		{6D656543-6204-47C9-B43C-B15413E34FE2}.Release|x86.Build.0 = Release|Any CPU
		{6D656543-6204-47C9-B43C-B15413E34FE2}.Release|x86.Deploy.0 = Release|Any CPU
		{E0E86419-629C-4D1C-B108-8BD9C313C42D}.Debug|Any CPU.ActiveCfg = Debug|Any CPU
		{E0E86419-629C-4D1C-B108-8BD9C313C42D}.Debug|Any CPU.Build.0 = Debug|Any CPU
		{E0E86419-629C-4D1C-B108-8BD9C313C42D}.Debug|ARM.ActiveCfg = Debug|Any CPU
		{E0E86419-629C-4D1C-B108-8BD9C313C42D}.Debug|ARM.Build.0 = Debug|Any CPU
		{E0E86419-629C-4D1C-B108-8BD9C313C42D}.Debug|x64.ActiveCfg = Debug|Any CPU
		{E0E86419-629C-4D1C-B108-8BD9C313C42D}.Debug|x64.Build.0 = Debug|Any CPU
		{E0E86419-629C-4D1C-B108-8BD9C313C42D}.Debug|x86.ActiveCfg = Debug|Any CPU
		{E0E86419-629C-4D1C-B108-8BD9C313C42D}.Debug|x86.Build.0 = Debug|Any CPU
		{E0E86419-629C-4D1C-B108-8BD9C313C42D}.Release|Any CPU.ActiveCfg = Release|Any CPU
		{E0E86419-629C-4D1C-B108-8BD9C313C42D}.Release|Any CPU.Build.0 = Release|Any CPU
		{E0E86419-629C-4D1C-B108-8BD9C313C42D}.Release|ARM.ActiveCfg = Release|Any CPU
		{E0E86419-629C-4D1C-B108-8BD9C313C42D}.Release|ARM.Build.0 = Release|Any CPU
		{E0E86419-629C-4D1C-B108-8BD9C313C42D}.Release|x64.ActiveCfg = Release|Any CPU
		{E0E86419-629C-4D1C-B108-8BD9C313C42D}.Release|x64.Build.0 = Release|Any CPU
		{E0E86419-629C-4D1C-B108-8BD9C313C42D}.Release|x86.ActiveCfg = Release|Any CPU
		{E0E86419-629C-4D1C-B108-8BD9C313C42D}.Release|x86.Build.0 = Release|Any CPU
		{432DC086-415C-41DB-88F3-A4995F0038E5}.Debug|Any CPU.ActiveCfg = Debug|Any CPU
		{432DC086-415C-41DB-88F3-A4995F0038E5}.Debug|Any CPU.Build.0 = Debug|Any CPU
		{432DC086-415C-41DB-88F3-A4995F0038E5}.Debug|ARM.ActiveCfg = Debug|Any CPU
		{432DC086-415C-41DB-88F3-A4995F0038E5}.Debug|ARM.Build.0 = Debug|Any CPU
		{432DC086-415C-41DB-88F3-A4995F0038E5}.Debug|x64.ActiveCfg = Debug|Any CPU
		{432DC086-415C-41DB-88F3-A4995F0038E5}.Debug|x64.Build.0 = Debug|Any CPU
		{432DC086-415C-41DB-88F3-A4995F0038E5}.Debug|x86.ActiveCfg = Debug|Any CPU
		{432DC086-415C-41DB-88F3-A4995F0038E5}.Debug|x86.Build.0 = Debug|Any CPU
		{432DC086-415C-41DB-88F3-A4995F0038E5}.Release|Any CPU.ActiveCfg = Release|Any CPU
		{432DC086-415C-41DB-88F3-A4995F0038E5}.Release|Any CPU.Build.0 = Release|Any CPU
		{432DC086-415C-41DB-88F3-A4995F0038E5}.Release|ARM.ActiveCfg = Release|Any CPU
		{432DC086-415C-41DB-88F3-A4995F0038E5}.Release|ARM.Build.0 = Release|Any CPU
		{432DC086-415C-41DB-88F3-A4995F0038E5}.Release|x64.ActiveCfg = Release|Any CPU
		{432DC086-415C-41DB-88F3-A4995F0038E5}.Release|x64.Build.0 = Release|Any CPU
		{432DC086-415C-41DB-88F3-A4995F0038E5}.Release|x86.ActiveCfg = Release|Any CPU
		{432DC086-415C-41DB-88F3-A4995F0038E5}.Release|x86.Build.0 = Release|Any CPU
		{5132E080-85EA-40FB-B339-6B7AD746513C}.Debug|Any CPU.ActiveCfg = Debug|Any CPU
		{5132E080-85EA-40FB-B339-6B7AD746513C}.Debug|Any CPU.Build.0 = Debug|Any CPU
		{5132E080-85EA-40FB-B339-6B7AD746513C}.Debug|ARM.ActiveCfg = Debug|Any CPU
		{5132E080-85EA-40FB-B339-6B7AD746513C}.Debug|ARM.Build.0 = Debug|Any CPU
		{5132E080-85EA-40FB-B339-6B7AD746513C}.Debug|x64.ActiveCfg = Debug|Any CPU
		{5132E080-85EA-40FB-B339-6B7AD746513C}.Debug|x64.Build.0 = Debug|Any CPU
		{5132E080-85EA-40FB-B339-6B7AD746513C}.Debug|x86.ActiveCfg = Debug|Any CPU
		{5132E080-85EA-40FB-B339-6B7AD746513C}.Debug|x86.Build.0 = Debug|Any CPU
		{5132E080-85EA-40FB-B339-6B7AD746513C}.Release|Any CPU.ActiveCfg = Release|Any CPU
		{5132E080-85EA-40FB-B339-6B7AD746513C}.Release|Any CPU.Build.0 = Release|Any CPU
		{5132E080-85EA-40FB-B339-6B7AD746513C}.Release|ARM.ActiveCfg = Release|Any CPU
		{5132E080-85EA-40FB-B339-6B7AD746513C}.Release|ARM.Build.0 = Release|Any CPU
		{5132E080-85EA-40FB-B339-6B7AD746513C}.Release|x64.ActiveCfg = Release|Any CPU
		{5132E080-85EA-40FB-B339-6B7AD746513C}.Release|x64.Build.0 = Release|Any CPU
		{5132E080-85EA-40FB-B339-6B7AD746513C}.Release|x86.ActiveCfg = Release|Any CPU
		{5132E080-85EA-40FB-B339-6B7AD746513C}.Release|x86.Build.0 = Release|Any CPU
		{158D3FA2-A5CD-4A25-9636-CC61B09A8C4A}.Debug|Any CPU.ActiveCfg = Debug|Any CPU
		{158D3FA2-A5CD-4A25-9636-CC61B09A8C4A}.Debug|Any CPU.Build.0 = Debug|Any CPU
		{158D3FA2-A5CD-4A25-9636-CC61B09A8C4A}.Debug|Any CPU.Deploy.0 = Debug|Any CPU
		{158D3FA2-A5CD-4A25-9636-CC61B09A8C4A}.Debug|ARM.ActiveCfg = Debug|Any CPU
		{158D3FA2-A5CD-4A25-9636-CC61B09A8C4A}.Debug|ARM.Build.0 = Debug|Any CPU
		{158D3FA2-A5CD-4A25-9636-CC61B09A8C4A}.Debug|ARM.Deploy.0 = Debug|Any CPU
		{158D3FA2-A5CD-4A25-9636-CC61B09A8C4A}.Debug|x64.ActiveCfg = Debug|Any CPU
		{158D3FA2-A5CD-4A25-9636-CC61B09A8C4A}.Debug|x64.Build.0 = Debug|Any CPU
		{158D3FA2-A5CD-4A25-9636-CC61B09A8C4A}.Debug|x64.Deploy.0 = Debug|Any CPU
		{158D3FA2-A5CD-4A25-9636-CC61B09A8C4A}.Debug|x86.ActiveCfg = Debug|Any CPU
		{158D3FA2-A5CD-4A25-9636-CC61B09A8C4A}.Debug|x86.Build.0 = Debug|Any CPU
		{158D3FA2-A5CD-4A25-9636-CC61B09A8C4A}.Debug|x86.Deploy.0 = Debug|Any CPU
		{158D3FA2-A5CD-4A25-9636-CC61B09A8C4A}.Release|Any CPU.ActiveCfg = Release|Any CPU
		{158D3FA2-A5CD-4A25-9636-CC61B09A8C4A}.Release|Any CPU.Build.0 = Release|Any CPU
		{158D3FA2-A5CD-4A25-9636-CC61B09A8C4A}.Release|Any CPU.Deploy.0 = Release|Any CPU
		{158D3FA2-A5CD-4A25-9636-CC61B09A8C4A}.Release|ARM.ActiveCfg = Release|Any CPU
		{158D3FA2-A5CD-4A25-9636-CC61B09A8C4A}.Release|ARM.Build.0 = Release|Any CPU
		{158D3FA2-A5CD-4A25-9636-CC61B09A8C4A}.Release|ARM.Deploy.0 = Release|Any CPU
		{158D3FA2-A5CD-4A25-9636-CC61B09A8C4A}.Release|x64.ActiveCfg = Release|Any CPU
		{158D3FA2-A5CD-4A25-9636-CC61B09A8C4A}.Release|x64.Build.0 = Release|Any CPU
		{158D3FA2-A5CD-4A25-9636-CC61B09A8C4A}.Release|x64.Deploy.0 = Release|Any CPU
		{158D3FA2-A5CD-4A25-9636-CC61B09A8C4A}.Release|x86.ActiveCfg = Release|Any CPU
		{158D3FA2-A5CD-4A25-9636-CC61B09A8C4A}.Release|x86.Build.0 = Release|Any CPU
		{158D3FA2-A5CD-4A25-9636-CC61B09A8C4A}.Release|x86.Deploy.0 = Release|Any CPU
		{063CBDBF-87C0-4E58-9DC2-966E7D908043}.Debug|Any CPU.ActiveCfg = Debug|Any CPU
		{063CBDBF-87C0-4E58-9DC2-966E7D908043}.Debug|Any CPU.Build.0 = Debug|Any CPU
		{063CBDBF-87C0-4E58-9DC2-966E7D908043}.Debug|ARM.ActiveCfg = Debug|Any CPU
		{063CBDBF-87C0-4E58-9DC2-966E7D908043}.Debug|ARM.Build.0 = Debug|Any CPU
		{063CBDBF-87C0-4E58-9DC2-966E7D908043}.Debug|x64.ActiveCfg = Debug|Any CPU
		{063CBDBF-87C0-4E58-9DC2-966E7D908043}.Debug|x64.Build.0 = Debug|Any CPU
		{063CBDBF-87C0-4E58-9DC2-966E7D908043}.Debug|x86.ActiveCfg = Debug|Any CPU
		{063CBDBF-87C0-4E58-9DC2-966E7D908043}.Debug|x86.Build.0 = Debug|Any CPU
		{063CBDBF-87C0-4E58-9DC2-966E7D908043}.Release|Any CPU.ActiveCfg = Release|Any CPU
		{063CBDBF-87C0-4E58-9DC2-966E7D908043}.Release|Any CPU.Build.0 = Release|Any CPU
		{063CBDBF-87C0-4E58-9DC2-966E7D908043}.Release|ARM.ActiveCfg = Release|Any CPU
		{063CBDBF-87C0-4E58-9DC2-966E7D908043}.Release|ARM.Build.0 = Release|Any CPU
		{063CBDBF-87C0-4E58-9DC2-966E7D908043}.Release|x64.ActiveCfg = Release|Any CPU
		{063CBDBF-87C0-4E58-9DC2-966E7D908043}.Release|x64.Build.0 = Release|Any CPU
		{063CBDBF-87C0-4E58-9DC2-966E7D908043}.Release|x86.ActiveCfg = Release|Any CPU
		{063CBDBF-87C0-4E58-9DC2-966E7D908043}.Release|x86.Build.0 = Release|Any CPU
		{0C475E11-C4BD-4AD2-989A-4F25BF63BEF1}.Debug|Any CPU.ActiveCfg = Debug|Any CPU
		{0C475E11-C4BD-4AD2-989A-4F25BF63BEF1}.Debug|Any CPU.Build.0 = Debug|Any CPU
		{0C475E11-C4BD-4AD2-989A-4F25BF63BEF1}.Debug|ARM.ActiveCfg = Debug|Any CPU
		{0C475E11-C4BD-4AD2-989A-4F25BF63BEF1}.Debug|ARM.Build.0 = Debug|Any CPU
		{0C475E11-C4BD-4AD2-989A-4F25BF63BEF1}.Debug|x64.ActiveCfg = Debug|Any CPU
		{0C475E11-C4BD-4AD2-989A-4F25BF63BEF1}.Debug|x64.Build.0 = Debug|Any CPU
		{0C475E11-C4BD-4AD2-989A-4F25BF63BEF1}.Debug|x86.ActiveCfg = Debug|Any CPU
		{0C475E11-C4BD-4AD2-989A-4F25BF63BEF1}.Debug|x86.Build.0 = Debug|Any CPU
		{0C475E11-C4BD-4AD2-989A-4F25BF63BEF1}.Release|Any CPU.ActiveCfg = Release|Any CPU
		{0C475E11-C4BD-4AD2-989A-4F25BF63BEF1}.Release|Any CPU.Build.0 = Release|Any CPU
		{0C475E11-C4BD-4AD2-989A-4F25BF63BEF1}.Release|ARM.ActiveCfg = Release|Any CPU
		{0C475E11-C4BD-4AD2-989A-4F25BF63BEF1}.Release|ARM.Build.0 = Release|Any CPU
		{0C475E11-C4BD-4AD2-989A-4F25BF63BEF1}.Release|x64.ActiveCfg = Release|Any CPU
		{0C475E11-C4BD-4AD2-989A-4F25BF63BEF1}.Release|x64.Build.0 = Release|Any CPU
		{0C475E11-C4BD-4AD2-989A-4F25BF63BEF1}.Release|x86.ActiveCfg = Release|Any CPU
		{0C475E11-C4BD-4AD2-989A-4F25BF63BEF1}.Release|x86.Build.0 = Release|Any CPU
		{76E8B4A8-14BD-4DF9-B49C-96D6BC81D493}.Debug|Any CPU.ActiveCfg = Debug|x86
		{76E8B4A8-14BD-4DF9-B49C-96D6BC81D493}.Debug|ARM.ActiveCfg = Debug|ARM
		{76E8B4A8-14BD-4DF9-B49C-96D6BC81D493}.Debug|ARM.Build.0 = Debug|ARM
		{76E8B4A8-14BD-4DF9-B49C-96D6BC81D493}.Debug|ARM.Deploy.0 = Debug|ARM
		{76E8B4A8-14BD-4DF9-B49C-96D6BC81D493}.Debug|x64.ActiveCfg = Debug|x64
		{76E8B4A8-14BD-4DF9-B49C-96D6BC81D493}.Debug|x64.Build.0 = Debug|x64
		{76E8B4A8-14BD-4DF9-B49C-96D6BC81D493}.Debug|x64.Deploy.0 = Debug|x64
		{76E8B4A8-14BD-4DF9-B49C-96D6BC81D493}.Debug|x86.ActiveCfg = Debug|x86
		{76E8B4A8-14BD-4DF9-B49C-96D6BC81D493}.Debug|x86.Build.0 = Debug|x86
		{76E8B4A8-14BD-4DF9-B49C-96D6BC81D493}.Debug|x86.Deploy.0 = Debug|x86
		{76E8B4A8-14BD-4DF9-B49C-96D6BC81D493}.Release|Any CPU.ActiveCfg = Release|x86
		{76E8B4A8-14BD-4DF9-B49C-96D6BC81D493}.Release|ARM.ActiveCfg = Release|ARM
		{76E8B4A8-14BD-4DF9-B49C-96D6BC81D493}.Release|ARM.Build.0 = Release|ARM
		{76E8B4A8-14BD-4DF9-B49C-96D6BC81D493}.Release|ARM.Deploy.0 = Release|ARM
		{76E8B4A8-14BD-4DF9-B49C-96D6BC81D493}.Release|x64.ActiveCfg = Release|x64
		{76E8B4A8-14BD-4DF9-B49C-96D6BC81D493}.Release|x64.Build.0 = Release|x64
		{76E8B4A8-14BD-4DF9-B49C-96D6BC81D493}.Release|x64.Deploy.0 = Release|x64
		{76E8B4A8-14BD-4DF9-B49C-96D6BC81D493}.Release|x86.ActiveCfg = Release|x86
		{76E8B4A8-14BD-4DF9-B49C-96D6BC81D493}.Release|x86.Build.0 = Release|x86
		{76E8B4A8-14BD-4DF9-B49C-96D6BC81D493}.Release|x86.Deploy.0 = Release|x86
		{55DBD593-5E3E-4057-9D17-3D8CFC643630}.Debug|Any CPU.ActiveCfg = Debug|Any CPU
		{55DBD593-5E3E-4057-9D17-3D8CFC643630}.Debug|Any CPU.Build.0 = Debug|Any CPU
		{55DBD593-5E3E-4057-9D17-3D8CFC643630}.Debug|ARM.ActiveCfg = Debug|ARM
		{55DBD593-5E3E-4057-9D17-3D8CFC643630}.Debug|ARM.Build.0 = Debug|ARM
		{55DBD593-5E3E-4057-9D17-3D8CFC643630}.Debug|x64.ActiveCfg = Debug|x64
		{55DBD593-5E3E-4057-9D17-3D8CFC643630}.Debug|x64.Build.0 = Debug|x64
		{55DBD593-5E3E-4057-9D17-3D8CFC643630}.Debug|x86.ActiveCfg = Debug|x86
		{55DBD593-5E3E-4057-9D17-3D8CFC643630}.Debug|x86.Build.0 = Debug|x86
		{55DBD593-5E3E-4057-9D17-3D8CFC643630}.Release|Any CPU.ActiveCfg = Release|Any CPU
		{55DBD593-5E3E-4057-9D17-3D8CFC643630}.Release|Any CPU.Build.0 = Release|Any CPU
		{55DBD593-5E3E-4057-9D17-3D8CFC643630}.Release|ARM.ActiveCfg = Release|ARM
		{55DBD593-5E3E-4057-9D17-3D8CFC643630}.Release|ARM.Build.0 = Release|ARM
		{55DBD593-5E3E-4057-9D17-3D8CFC643630}.Release|x64.ActiveCfg = Release|x64
		{55DBD593-5E3E-4057-9D17-3D8CFC643630}.Release|x64.Build.0 = Release|x64
		{55DBD593-5E3E-4057-9D17-3D8CFC643630}.Release|x86.ActiveCfg = Release|x86
		{55DBD593-5E3E-4057-9D17-3D8CFC643630}.Release|x86.Build.0 = Release|x86
		{00C8482D-4401-4724-BFD0-26F87AA3F9C3}.Debug|Any CPU.ActiveCfg = Debug|Any CPU
		{00C8482D-4401-4724-BFD0-26F87AA3F9C3}.Debug|Any CPU.Build.0 = Debug|Any CPU
		{00C8482D-4401-4724-BFD0-26F87AA3F9C3}.Debug|ARM.ActiveCfg = Debug|Any CPU
		{00C8482D-4401-4724-BFD0-26F87AA3F9C3}.Debug|ARM.Build.0 = Debug|Any CPU
		{00C8482D-4401-4724-BFD0-26F87AA3F9C3}.Debug|x64.ActiveCfg = Debug|Any CPU
		{00C8482D-4401-4724-BFD0-26F87AA3F9C3}.Debug|x64.Build.0 = Debug|Any CPU
		{00C8482D-4401-4724-BFD0-26F87AA3F9C3}.Debug|x86.ActiveCfg = Debug|Any CPU
		{00C8482D-4401-4724-BFD0-26F87AA3F9C3}.Debug|x86.Build.0 = Debug|Any CPU
		{00C8482D-4401-4724-BFD0-26F87AA3F9C3}.Release|Any CPU.ActiveCfg = Release|Any CPU
		{00C8482D-4401-4724-BFD0-26F87AA3F9C3}.Release|Any CPU.Build.0 = Release|Any CPU
		{00C8482D-4401-4724-BFD0-26F87AA3F9C3}.Release|ARM.ActiveCfg = Release|Any CPU
		{00C8482D-4401-4724-BFD0-26F87AA3F9C3}.Release|ARM.Build.0 = Release|Any CPU
		{00C8482D-4401-4724-BFD0-26F87AA3F9C3}.Release|x64.ActiveCfg = Release|Any CPU
		{00C8482D-4401-4724-BFD0-26F87AA3F9C3}.Release|x64.Build.0 = Release|Any CPU
		{00C8482D-4401-4724-BFD0-26F87AA3F9C3}.Release|x86.ActiveCfg = Release|Any CPU
		{00C8482D-4401-4724-BFD0-26F87AA3F9C3}.Release|x86.Build.0 = Release|Any CPU
		{4E4EE47D-C35A-4643-BB36-3AF82763BD0A}.Debug|Any CPU.ActiveCfg = Debug|Any CPU
		{4E4EE47D-C35A-4643-BB36-3AF82763BD0A}.Debug|Any CPU.Build.0 = Debug|Any CPU
		{4E4EE47D-C35A-4643-BB36-3AF82763BD0A}.Debug|ARM.ActiveCfg = Debug|Any CPU
		{4E4EE47D-C35A-4643-BB36-3AF82763BD0A}.Debug|ARM.Build.0 = Debug|Any CPU
		{4E4EE47D-C35A-4643-BB36-3AF82763BD0A}.Debug|x64.ActiveCfg = Debug|Any CPU
		{4E4EE47D-C35A-4643-BB36-3AF82763BD0A}.Debug|x64.Build.0 = Debug|Any CPU
		{4E4EE47D-C35A-4643-BB36-3AF82763BD0A}.Debug|x86.ActiveCfg = Debug|Any CPU
		{4E4EE47D-C35A-4643-BB36-3AF82763BD0A}.Debug|x86.Build.0 = Debug|Any CPU
		{4E4EE47D-C35A-4643-BB36-3AF82763BD0A}.Release|Any CPU.ActiveCfg = Release|Any CPU
		{4E4EE47D-C35A-4643-BB36-3AF82763BD0A}.Release|Any CPU.Build.0 = Release|Any CPU
		{4E4EE47D-C35A-4643-BB36-3AF82763BD0A}.Release|ARM.ActiveCfg = Release|Any CPU
		{4E4EE47D-C35A-4643-BB36-3AF82763BD0A}.Release|ARM.Build.0 = Release|Any CPU
		{4E4EE47D-C35A-4643-BB36-3AF82763BD0A}.Release|x64.ActiveCfg = Release|Any CPU
		{4E4EE47D-C35A-4643-BB36-3AF82763BD0A}.Release|x64.Build.0 = Release|Any CPU
		{4E4EE47D-C35A-4643-BB36-3AF82763BD0A}.Release|x86.ActiveCfg = Release|Any CPU
		{4E4EE47D-C35A-4643-BB36-3AF82763BD0A}.Release|x86.Build.0 = Release|Any CPU
		{22A63465-1F12-40A9-9080-E2D4896DE191}.Debug|Any CPU.ActiveCfg = Debug|Any CPU
		{22A63465-1F12-40A9-9080-E2D4896DE191}.Debug|Any CPU.Build.0 = Debug|Any CPU
		{22A63465-1F12-40A9-9080-E2D4896DE191}.Debug|ARM.ActiveCfg = Debug|Any CPU
		{22A63465-1F12-40A9-9080-E2D4896DE191}.Debug|ARM.Build.0 = Debug|Any CPU
		{22A63465-1F12-40A9-9080-E2D4896DE191}.Debug|x64.ActiveCfg = Debug|Any CPU
		{22A63465-1F12-40A9-9080-E2D4896DE191}.Debug|x64.Build.0 = Debug|Any CPU
		{22A63465-1F12-40A9-9080-E2D4896DE191}.Debug|x86.ActiveCfg = Debug|Any CPU
		{22A63465-1F12-40A9-9080-E2D4896DE191}.Debug|x86.Build.0 = Debug|Any CPU
		{22A63465-1F12-40A9-9080-E2D4896DE191}.Release|Any CPU.ActiveCfg = Release|Any CPU
		{22A63465-1F12-40A9-9080-E2D4896DE191}.Release|Any CPU.Build.0 = Release|Any CPU
		{22A63465-1F12-40A9-9080-E2D4896DE191}.Release|ARM.ActiveCfg = Release|Any CPU
		{22A63465-1F12-40A9-9080-E2D4896DE191}.Release|ARM.Build.0 = Release|Any CPU
		{22A63465-1F12-40A9-9080-E2D4896DE191}.Release|x64.ActiveCfg = Release|Any CPU
		{22A63465-1F12-40A9-9080-E2D4896DE191}.Release|x64.Build.0 = Release|Any CPU
		{22A63465-1F12-40A9-9080-E2D4896DE191}.Release|x86.ActiveCfg = Release|Any CPU
		{22A63465-1F12-40A9-9080-E2D4896DE191}.Release|x86.Build.0 = Release|Any CPU
		{69061CDE-81DA-4793-B0BF-C18699A8B9AC}.Debug|Any CPU.ActiveCfg = Debug|Any CPU
		{69061CDE-81DA-4793-B0BF-C18699A8B9AC}.Debug|Any CPU.Build.0 = Debug|Any CPU
		{69061CDE-81DA-4793-B0BF-C18699A8B9AC}.Debug|ARM.ActiveCfg = Debug|Any CPU
		{69061CDE-81DA-4793-B0BF-C18699A8B9AC}.Debug|ARM.Build.0 = Debug|Any CPU
		{69061CDE-81DA-4793-B0BF-C18699A8B9AC}.Debug|x64.ActiveCfg = Debug|Any CPU
		{69061CDE-81DA-4793-B0BF-C18699A8B9AC}.Debug|x64.Build.0 = Debug|Any CPU
		{69061CDE-81DA-4793-B0BF-C18699A8B9AC}.Debug|x86.ActiveCfg = Debug|Any CPU
		{69061CDE-81DA-4793-B0BF-C18699A8B9AC}.Debug|x86.Build.0 = Debug|Any CPU
		{69061CDE-81DA-4793-B0BF-C18699A8B9AC}.Release|Any CPU.ActiveCfg = Release|Any CPU
		{69061CDE-81DA-4793-B0BF-C18699A8B9AC}.Release|Any CPU.Build.0 = Release|Any CPU
		{69061CDE-81DA-4793-B0BF-C18699A8B9AC}.Release|ARM.ActiveCfg = Release|Any CPU
		{69061CDE-81DA-4793-B0BF-C18699A8B9AC}.Release|ARM.Build.0 = Release|Any CPU
		{69061CDE-81DA-4793-B0BF-C18699A8B9AC}.Release|x64.ActiveCfg = Release|Any CPU
		{69061CDE-81DA-4793-B0BF-C18699A8B9AC}.Release|x64.Build.0 = Release|Any CPU
		{69061CDE-81DA-4793-B0BF-C18699A8B9AC}.Release|x86.ActiveCfg = Release|Any CPU
		{69061CDE-81DA-4793-B0BF-C18699A8B9AC}.Release|x86.Build.0 = Release|Any CPU
	EndGlobalSection
	GlobalSection(SolutionProperties) = preSolution
		HideSolutionNode = FALSE
	EndGlobalSection
	GlobalSection(ExtensibilityGlobals) = postSolution
		SolutionGuid = {36076F79-1C47-4E7E-8AC2-DF073ACEA9C6}
	EndGlobalSection
EndGlobal
